
Microsoft Visual Studio Solution File, Format Version 12.00
# Visual Studio 15
VisualStudioVersion = 15.0.26124.0
MinimumVisualStudioVersion = 15.0.26124.0
Project("{FAE04EC0-301F-11D3-BF4B-00C04F79EFBC}") = "Application", "Api.Application\Application.csproj", "{3E802107-8DCF-4142-B465-737D2677713F}"
EndProject
Project("{FAE04EC0-301F-11D3-BF4B-00C04F79EFBC}") = "Domain", "Api.Domain\Domain.csproj", "{F4BBD3E4-BF48-4D08-8141-EF1ED7DF3329}"
EndProject
Project("{FAE04EC0-301F-11D3-BF4B-00C04F79EFBC}") = "CrossCutting", "Api.CrossCutting\CrossCutting.csproj", "{CF010182-8E2C-4A2D-8D4B-0D2EB1A0B1D4}"
EndProject
Project("{FAE04EC0-301F-11D3-BF4B-00C04F79EFBC}") = "Data", "Api.Data\Data.csproj", "{A7F16A4B-647C-4BFF-8081-3AEBE480D900}"
EndProject
Project("{FAE04EC0-301F-11D3-BF4B-00C04F79EFBC}") = "Service", "Api.Service\Service.csproj", "{10534B70-6CFA-4754-93C4-C7F72801E1D5}"
EndProject
Global
	GlobalSection(SolutionConfigurationPlatforms) = preSolution
		Debug|Any CPU = Debug|Any CPU
		Debug|x64 = Debug|x64
		Debug|x86 = Debug|x86
		Release|Any CPU = Release|Any CPU
		Release|x64 = Release|x64
		Release|x86 = Release|x86
	EndGlobalSection
	GlobalSection(SolutionProperties) = preSolution
		HideSolutionNode = FALSE
	EndGlobalSection
	GlobalSection(ProjectConfigurationPlatforms) = postSolution
		{3E802107-8DCF-4142-B465-737D2677713F}.Debug|Any CPU.ActiveCfg = Debug|Any CPU
		{3E802107-8DCF-4142-B465-737D2677713F}.Debug|Any CPU.Build.0 = Debug|Any CPU
		{3E802107-8DCF-4142-B465-737D2677713F}.Debug|x64.ActiveCfg = Debug|Any CPU
		{3E802107-8DCF-4142-B465-737D2677713F}.Debug|x64.Build.0 = Debug|Any CPU
		{3E802107-8DCF-4142-B465-737D2677713F}.Debug|x86.ActiveCfg = Debug|Any CPU
		{3E802107-8DCF-4142-B465-737D2677713F}.Debug|x86.Build.0 = Debug|Any CPU
		{3E802107-8DCF-4142-B465-737D2677713F}.Release|Any CPU.ActiveCfg = Release|Any CPU
		{3E802107-8DCF-4142-B465-737D2677713F}.Release|Any CPU.Build.0 = Release|Any CPU
		{3E802107-8DCF-4142-B465-737D2677713F}.Release|x64.ActiveCfg = Release|Any CPU
		{3E802107-8DCF-4142-B465-737D2677713F}.Release|x64.Build.0 = Release|Any CPU
		{3E802107-8DCF-4142-B465-737D2677713F}.Release|x86.ActiveCfg = Release|Any CPU
		{3E802107-8DCF-4142-B465-737D2677713F}.Release|x86.Build.0 = Release|Any CPU
		{F4BBD3E4-BF48-4D08-8141-EF1ED7DF3329}.Debug|Any CPU.ActiveCfg = Debug|Any CPU
		{F4BBD3E4-BF48-4D08-8141-EF1ED7DF3329}.Debug|Any CPU.Build.0 = Debug|Any CPU
		{F4BBD3E4-BF48-4D08-8141-EF1ED7DF3329}.Debug|x64.ActiveCfg = Debug|Any CPU
		{F4BBD3E4-BF48-4D08-8141-EF1ED7DF3329}.Debug|x64.Build.0 = Debug|Any CPU
		{F4BBD3E4-BF48-4D08-8141-EF1ED7DF3329}.Debug|x86.ActiveCfg = Debug|Any CPU
		{F4BBD3E4-BF48-4D08-8141-EF1ED7DF3329}.Debug|x86.Build.0 = Debug|Any CPU
		{F4BBD3E4-BF48-4D08-8141-EF1ED7DF3329}.Release|Any CPU.ActiveCfg = Release|Any CPU
		{F4BBD3E4-BF48-4D08-8141-EF1ED7DF3329}.Release|Any CPU.Build.0 = Release|Any CPU
		{F4BBD3E4-BF48-4D08-8141-EF1ED7DF3329}.Release|x64.ActiveCfg = Release|Any CPU
		{F4BBD3E4-BF48-4D08-8141-EF1ED7DF3329}.Release|x64.Build.0 = Release|Any CPU
		{F4BBD3E4-BF48-4D08-8141-EF1ED7DF3329}.Release|x86.ActiveCfg = Release|Any CPU
		{F4BBD3E4-BF48-4D08-8141-EF1ED7DF3329}.Release|x86.Build.0 = Release|Any CPU
		{CF010182-8E2C-4A2D-8D4B-0D2EB1A0B1D4}.Debug|Any CPU.ActiveCfg = Debug|Any CPU
		{CF010182-8E2C-4A2D-8D4B-0D2EB1A0B1D4}.Debug|Any CPU.Build.0 = Debug|Any CPU
		{CF010182-8E2C-4A2D-8D4B-0D2EB1A0B1D4}.Debug|x64.ActiveCfg = Debug|Any CPU
		{CF010182-8E2C-4A2D-8D4B-0D2EB1A0B1D4}.Debug|x64.Build.0 = Debug|Any CPU
		{CF010182-8E2C-4A2D-8D4B-0D2EB1A0B1D4}.Debug|x86.ActiveCfg = Debug|Any CPU
		{CF010182-8E2C-4A2D-8D4B-0D2EB1A0B1D4}.Debug|x86.Build.0 = Debug|Any CPU
		{CF010182-8E2C-4A2D-8D4B-0D2EB1A0B1D4}.Release|Any CPU.ActiveCfg = Release|Any CPU
		{CF010182-8E2C-4A2D-8D4B-0D2EB1A0B1D4}.Release|Any CPU.Build.0 = Release|Any CPU
		{CF010182-8E2C-4A2D-8D4B-0D2EB1A0B1D4}.Release|x64.ActiveCfg = Release|Any CPU
		{CF010182-8E2C-4A2D-8D4B-0D2EB1A0B1D4}.Release|x64.Build.0 = Release|Any CPU
		{CF010182-8E2C-4A2D-8D4B-0D2EB1A0B1D4}.Release|x86.ActiveCfg = Release|Any CPU
		{CF010182-8E2C-4A2D-8D4B-0D2EB1A0B1D4}.Release|x86.Build.0 = Release|Any CPU
		{A7F16A4B-647C-4BFF-8081-3AEBE480D900}.Debug|Any CPU.ActiveCfg = Debug|Any CPU
		{A7F16A4B-647C-4BFF-8081-3AEBE480D900}.Debug|Any CPU.Build.0 = Debug|Any CPU
		{A7F16A4B-647C-4BFF-8081-3AEBE480D900}.Debug|x64.ActiveCfg = Debug|Any CPU
		{A7F16A4B-647C-4BFF-8081-3AEBE480D900}.Debug|x64.Build.0 = Debug|Any CPU
		{A7F16A4B-647C-4BFF-8081-3AEBE480D900}.Debug|x86.ActiveCfg = Debug|Any CPU
		{A7F16A4B-647C-4BFF-8081-3AEBE480D900}.Debug|x86.Build.0 = Debug|Any CPU
		{A7F16A4B-647C-4BFF-8081-3AEBE480D900}.Release|Any CPU.ActiveCfg = Release|Any CPU
		{A7F16A4B-647C-4BFF-8081-3AEBE480D900}.Release|Any CPU.Build.0 = Release|Any CPU
		{A7F16A4B-647C-4BFF-8081-3AEBE480D900}.Release|x64.ActiveCfg = Release|Any CPU
		{A7F16A4B-647C-4BFF-8081-3AEBE480D900}.Release|x64.Build.0 = Release|Any CPU
		{A7F16A4B-647C-4BFF-8081-3AEBE480D900}.Release|x86.ActiveCfg = Release|Any CPU
		{A7F16A4B-647C-4BFF-8081-3AEBE480D900}.Release|x86.Build.0 = Release|Any CPU
		{10534B70-6CFA-4754-93C4-C7F72801E1D5}.Debug|Any CPU.ActiveCfg = Debug|Any CPU
		{10534B70-6CFA-4754-93C4-C7F72801E1D5}.Debug|Any CPU.Build.0 = Debug|Any CPU
		{10534B70-6CFA-4754-93C4-C7F72801E1D5}.Debug|x64.ActiveCfg = Debug|Any CPU
		{10534B70-6CFA-4754-93C4-C7F72801E1D5}.Debug|x64.Build.0 = Debug|Any CPU
		{10534B70-6CFA-4754-93C4-C7F72801E1D5}.Debug|x86.ActiveCfg = Debug|Any CPU
		{10534B70-6CFA-4754-93C4-C7F72801E1D5}.Debug|x86.Build.0 = Debug|Any CPU
		{10534B70-6CFA-4754-93C4-C7F72801E1D5}.Release|Any CPU.ActiveCfg = Release|Any CPU
		{10534B70-6CFA-4754-93C4-C7F72801E1D5}.Release|Any CPU.Build.0 = Release|Any CPU
		{10534B70-6CFA-4754-93C4-C7F72801E1D5}.Release|x64.ActiveCfg = Release|Any CPU
		{10534B70-6CFA-4754-93C4-C7F72801E1D5}.Release|x64.Build.0 = Release|Any CPU
		{10534B70-6CFA-4754-93C4-C7F72801E1D5}.Release|x86.ActiveCfg = Release|Any CPU
		{10534B70-6CFA-4754-93C4-C7F72801E1D5}.Release|x86.Build.0 = Release|Any CPU
	EndGlobalSection
EndGlobal
